
Microsoft Visual Studio Solution File, Format Version 12.00
# Visual Studio Version 17
VisualStudioVersion = 17.12.35521.163
MinimumVisualStudioVersion = 10.0.40219.1
Project("{8BC9CEB8-8B4A-11D0-8D11-00A0C91BC942}") = "00-01", "00-01\00-01.vcxproj", "{76003D07-D842-4631-AFA6-0BEBDEE66FC9}"
EndProject
Project("{8BC9CEB8-8B4A-11D0-8D11-00A0C91BC942}") = "01-01", "00-02\00-02.vcxproj", "{D18D59B4-7728-4042-AFDE-28A42EE23A04}"
EndProject
Project("{8BC9CEB8-8B4A-11D0-8D11-00A0C91BC942}") = "01-02", "01-02\01-02.vcxproj", "{985DB880-B944-4C53-AA8F-34EF2D1FF139}"
EndProject
Project("{8BC9CEB8-8B4A-11D0-8D11-00A0C91BC942}") = "02-01", "02-01\02-01.vcxproj", "{89568037-5A11-484D-AA40-861595A241B1}"
EndProject
Project("{8BC9CEB8-8B4A-11D0-8D11-00A0C91BC942}") = "02-02", "02-02\02-02.vcxproj", "{C6C29632-2218-4F06-9B94-5D7A202B3E3A}"
EndProject
Project("{8BC9CEB8-8B4A-11D0-8D11-00A0C91BC942}") = "02-03", "02-03\02-03.vcxproj", "{E4F86B58-1DFD-41DA-AEA1-583F40FBA84F}"
EndProject
Project("{8BC9CEB8-8B4A-11D0-8D11-00A0C91BC942}") = "02-04", "02-04\02-04.vcxproj", "{53A85F88-8FDA-4D51-98AC-A8A33F43718A}"
EndProject
Project("{8BC9CEB8-8B4A-11D0-8D11-00A0C91BC942}") = "03-01", "03-01\03-01.vcxproj", "{C0C8CC25-6749-4809-8627-CC12051653F9}"
EndProject
Project("{8BC9CEB8-8B4A-11D0-8D11-00A0C91BC942}") = "3-2", "3-2\3-2.vcxproj", "{6C7AA3C0-81B8-430C-8933-2F61D8105BEE}"
EndProject
Global
	GlobalSection(SolutionConfigurationPlatforms) = preSolution
		Debug|x64 = Debug|x64
		Debug|x86 = Debug|x86
		Release|x64 = Release|x64
		Release|x86 = Release|x86
	EndGlobalSection
	GlobalSection(ProjectConfigurationPlatforms) = postSolution
		{76003D07-D842-4631-AFA6-0BEBDEE66FC9}.Debug|x64.ActiveCfg = Debug|x64
		{76003D07-D842-4631-AFA6-0BEBDEE66FC9}.Debug|x64.Build.0 = Debug|x64
		{76003D07-D842-4631-AFA6-0BEBDEE66FC9}.Debug|x86.ActiveCfg = Debug|Win32
		{76003D07-D842-4631-AFA6-0BEBDEE66FC9}.Debug|x86.Build.0 = Debug|Win32
		{76003D07-D842-4631-AFA6-0BEBDEE66FC9}.Release|x64.ActiveCfg = Release|x64
		{76003D07-D842-4631-AFA6-0BEBDEE66FC9}.Release|x64.Build.0 = Release|x64
		{76003D07-D842-4631-AFA6-0BEBDEE66FC9}.Release|x86.ActiveCfg = Release|Win32
		{76003D07-D842-4631-AFA6-0BEBDEE66FC9}.Release|x86.Build.0 = Release|Win32
		{D18D59B4-7728-4042-AFDE-28A42EE23A04}.Debug|x64.ActiveCfg = Debug|x64
		{D18D59B4-7728-4042-AFDE-28A42EE23A04}.Debug|x64.Build.0 = Debug|x64
		{D18D59B4-7728-4042-AFDE-28A42EE23A04}.Debug|x86.ActiveCfg = Debug|Win32
		{D18D59B4-7728-4042-AFDE-28A42EE23A04}.Debug|x86.Build.0 = Debug|Win32
		{D18D59B4-7728-4042-AFDE-28A42EE23A04}.Release|x64.ActiveCfg = Release|x64
		{D18D59B4-7728-4042-AFDE-28A42EE23A04}.Release|x64.Build.0 = Release|x64
		{D18D59B4-7728-4042-AFDE-28A42EE23A04}.Release|x86.ActiveCfg = Release|Win32
		{D18D59B4-7728-4042-AFDE-28A42EE23A04}.Release|x86.Build.0 = Release|Win32
		{985DB880-B944-4C53-AA8F-34EF2D1FF139}.Debug|x64.ActiveCfg = Debug|x64
		{985DB880-B944-4C53-AA8F-34EF2D1FF139}.Debug|x64.Build.0 = Debug|x64
		{985DB880-B944-4C53-AA8F-34EF2D1FF139}.Debug|x86.ActiveCfg = Debug|Win32
		{985DB880-B944-4C53-AA8F-34EF2D1FF139}.Debug|x86.Build.0 = Debug|Win32
		{985DB880-B944-4C53-AA8F-34EF2D1FF139}.Release|x64.ActiveCfg = Release|x64
		{985DB880-B944-4C53-AA8F-34EF2D1FF139}.Release|x64.Build.0 = Release|x64
		{985DB880-B944-4C53-AA8F-34EF2D1FF139}.Release|x86.ActiveCfg = Release|Win32
		{985DB880-B944-4C53-AA8F-34EF2D1FF139}.Release|x86.Build.0 = Release|Win32
		{89568037-5A11-484D-AA40-861595A241B1}.Debug|x64.ActiveCfg = Debug|x64
		{89568037-5A11-484D-AA40-861595A241B1}.Debug|x64.Build.0 = Debug|x64
		{89568037-5A11-484D-AA40-861595A241B1}.Debug|x86.ActiveCfg = Debug|Win32
		{89568037-5A11-484D-AA40-861595A241B1}.Debug|x86.Build.0 = Debug|Win32
		{89568037-5A11-484D-AA40-861595A241B1}.Release|x64.ActiveCfg = Release|x64
		{89568037-5A11-484D-AA40-861595A241B1}.Release|x64.Build.0 = Release|x64
		{89568037-5A11-484D-AA40-861595A241B1}.Release|x86.ActiveCfg = Release|Win32
		{89568037-5A11-484D-AA40-861595A241B1}.Release|x86.Build.0 = Release|Win32
		{C6C29632-2218-4F06-9B94-5D7A202B3E3A}.Debug|x64.ActiveCfg = Debug|x64
		{C6C29632-2218-4F06-9B94-5D7A202B3E3A}.Debug|x64.Build.0 = Debug|x64
		{C6C29632-2218-4F06-9B94-5D7A202B3E3A}.Debug|x86.ActiveCfg = Debug|Win32
		{C6C29632-2218-4F06-9B94-5D7A202B3E3A}.Debug|x86.Build.0 = Debug|Win32
		{C6C29632-2218-4F06-9B94-5D7A202B3E3A}.Release|x64.ActiveCfg = Release|x64
		{C6C29632-2218-4F06-9B94-5D7A202B3E3A}.Release|x64.Build.0 = Release|x64
		{C6C29632-2218-4F06-9B94-5D7A202B3E3A}.Release|x86.ActiveCfg = Release|Win32
		{C6C29632-2218-4F06-9B94-5D7A202B3E3A}.Release|x86.Build.0 = Release|Win32
		{E4F86B58-1DFD-41DA-AEA1-583F40FBA84F}.Debug|x64.ActiveCfg = Debug|x64
		{E4F86B58-1DFD-41DA-AEA1-583F40FBA84F}.Debug|x64.Build.0 = Debug|x64
		{E4F86B58-1DFD-41DA-AEA1-583F40FBA84F}.Debug|x86.ActiveCfg = Debug|Win32
		{E4F86B58-1DFD-41DA-AEA1-583F40FBA84F}.Debug|x86.Build.0 = Debug|Win32
		{E4F86B58-1DFD-41DA-AEA1-583F40FBA84F}.Release|x64.ActiveCfg = Release|x64
		{E4F86B58-1DFD-41DA-AEA1-583F40FBA84F}.Release|x64.Build.0 = Release|x64
		{E4F86B58-1DFD-41DA-AEA1-583F40FBA84F}.Release|x86.ActiveCfg = Release|Win32
		{E4F86B58-1DFD-41DA-AEA1-583F40FBA84F}.Release|x86.Build.0 = Release|Win32
		{53A85F88-8FDA-4D51-98AC-A8A33F43718A}.Debug|x64.ActiveCfg = Debug|x64
		{53A85F88-8FDA-4D51-98AC-A8A33F43718A}.Debug|x64.Build.0 = Debug|x64
		{53A85F88-8FDA-4D51-98AC-A8A33F43718A}.Debug|x86.ActiveCfg = Debug|Win32
		{53A85F88-8FDA-4D51-98AC-A8A33F43718A}.Debug|x86.Build.0 = Debug|Win32
		{53A85F88-8FDA-4D51-98AC-A8A33F43718A}.Release|x64.ActiveCfg = Release|x64
		{53A85F88-8FDA-4D51-98AC-A8A33F43718A}.Release|x64.Build.0 = Release|x64
		{53A85F88-8FDA-4D51-98AC-A8A33F43718A}.Release|x86.ActiveCfg = Release|Win32
		{53A85F88-8FDA-4D51-98AC-A8A33F43718A}.Release|x86.Build.0 = Release|Win32
		{C0C8CC25-6749-4809-8627-CC12051653F9}.Debug|x64.ActiveCfg = Debug|x64
		{C0C8CC25-6749-4809-8627-CC12051653F9}.Debug|x64.Build.0 = Debug|x64
		{C0C8CC25-6749-4809-8627-CC12051653F9}.Debug|x86.ActiveCfg = Debug|Win32
		{C0C8CC25-6749-4809-8627-CC12051653F9}.Debug|x86.Build.0 = Debug|Win32
		{C0C8CC25-6749-4809-8627-CC12051653F9}.Release|x64.ActiveCfg = Release|x64
		{C0C8CC25-6749-4809-8627-CC12051653F9}.Release|x64.Build.0 = Release|x64
		{C0C8CC25-6749-4809-8627-CC12051653F9}.Release|x86.ActiveCfg = Release|Win32
		{C0C8CC25-6749-4809-8627-CC12051653F9}.Release|x86.Build.0 = Release|Win32
		{6C7AA3C0-81B8-430C-8933-2F61D8105BEE}.Debug|x64.ActiveCfg = Debug|x64
		{6C7AA3C0-81B8-430C-8933-2F61D8105BEE}.Debug|x64.Build.0 = Debug|x64
		{6C7AA3C0-81B8-430C-8933-2F61D8105BEE}.Debug|x86.ActiveCfg = Debug|Win32
		{6C7AA3C0-81B8-430C-8933-2F61D8105BEE}.Debug|x86.Build.0 = Debug|Win32
		{6C7AA3C0-81B8-430C-8933-2F61D8105BEE}.Release|x64.ActiveCfg = Release|x64
		{6C7AA3C0-81B8-430C-8933-2F61D8105BEE}.Release|x64.Build.0 = Release|x64
		{6C7AA3C0-81B8-430C-8933-2F61D8105BEE}.Release|x86.ActiveCfg = Release|Win32
		{6C7AA3C0-81B8-430C-8933-2F61D8105BEE}.Release|x86.Build.0 = Release|Win32
	EndGlobalSection
	GlobalSection(SolutionProperties) = preSolution
		HideSolutionNode = FALSE
	EndGlobalSection
EndGlobal
